
Microsoft Visual Studio Solution File, Format Version 12.00
# Visual Studio Version 17
VisualStudioVersion = 17.0.31903.59
MinimumVisualStudioVersion = 10.0.40219.1
Project("{2150E333-8FDC-42A3-9474-1A3956D46DE8}") = "src", "src", "{827E0CD3-B72D-47B6-A68D-7590B98EB39B}"
EndProject
Project("{FAE04EC0-301F-11D3-BF4B-00C04F79EFBC}") = "FuncyTown.Abstractions", "src\FuncyTown.Abstractions\FuncyTown.Abstractions.csproj", "{5A7603F0-4DE4-448F-A7F8-5B345C7FA251}"
EndProject
Project("{2150E333-8FDC-42A3-9474-1A3956D46DE8}") = "tests", "tests", "{0AB3BF05-4346-4AA6-1389-037BE0695223}"
EndProject
Project("{FAE04EC0-301F-11D3-BF4B-00C04F79EFBC}") = "FuncyTown.Tests", "tests\FuncyTown.Tests\FuncyTown.Tests.csproj", "{730033D5-B58B-42CB-A000-35F03543E569}"
EndProject
Project("{FAE04EC0-301F-11D3-BF4B-00C04F79EFBC}") = "FuncyTown.Generators", "src\FuncyTown.Generators\FuncyTown.Generators.csproj", "{F555BFBA-ED99-4153-9FD8-F798C27D5DBB}"
EndProject
Project("{FAE04EC0-301F-11D3-BF4B-00C04F79EFBC}") = "FuncyTown.Generators.Tests", "tests\FuncyTown.Generators.Tests\FuncyTown.Generators.Tests.csproj", "{2F6E8E45-47E7-4207-9ECC-E1E33132CB45}"
EndProject
Project("{FAE04EC0-301F-11D3-BF4B-00C04F79EFBC}") = "FuncyTown", "src\FuncyTown\FuncyTown.csproj", "{8883DFDD-331A-4236-AF76-21F1BD6462CA}"
EndProject
Project("{2150E333-8FDC-42A3-9474-1A3956D46DE8}") = "samples", "samples", "{5D20AA90-6969-D8BD-9DCD-8634F4692FDA}"
EndProject
Project("{FAE04EC0-301F-11D3-BF4B-00C04F79EFBC}") = "FuncyTown.Sample", "samples\FuncyTown.Sample\FuncyTown.Sample.csproj", "{9D739160-60A5-41F5-A24D-1613748EC4D3}"
EndProject
Project("{FAE04EC0-301F-11D3-BF4B-00C04F79EFBC}") = "FuncyTown.Analyzers", "src\FuncyTown.Analyzers\FuncyTown.Analyzers.csproj", "{74931933-5AB3-42EF-A339-2957C5B9D696}"
EndProject
Project("{FAE04EC0-301F-11D3-BF4B-00C04F79EFBC}") = "FuncyTown.Analyzers.Tests", "tests\FuncyTown.Analyzers.Tests\FuncyTown.Analyzers.Tests.csproj", "{342A6DE9-7F8B-465E-9EE1-9043E7CBFA43}"
EndProject
Project("{FAE04EC0-301F-11D3-BF4B-00C04F79EFBC}") = "FuncyTown.Analyzers.CodeFixes", "src\FuncyTown.Analyzers.CodeFixes\FuncyTown.Analyzers.CodeFixes.csproj", "{6F95B51B-5FF3-4F68-90B6-1BDB55D2559E}"
EndProject
Global
	GlobalSection(SolutionConfigurationPlatforms) = preSolution
		Debug|Any CPU = Debug|Any CPU
		Debug|x64 = Debug|x64
		Debug|x86 = Debug|x86
		Release|Any CPU = Release|Any CPU
		Release|x64 = Release|x64
		Release|x86 = Release|x86
	EndGlobalSection
	GlobalSection(ProjectConfigurationPlatforms) = postSolution
		{5A7603F0-4DE4-448F-A7F8-5B345C7FA251}.Debug|Any CPU.ActiveCfg = Debug|Any CPU
		{5A7603F0-4DE4-448F-A7F8-5B345C7FA251}.Debug|Any CPU.Build.0 = Debug|Any CPU
		{5A7603F0-4DE4-448F-A7F8-5B345C7FA251}.Debug|x64.ActiveCfg = Debug|Any CPU
		{5A7603F0-4DE4-448F-A7F8-5B345C7FA251}.Debug|x64.Build.0 = Debug|Any CPU
		{5A7603F0-4DE4-448F-A7F8-5B345C7FA251}.Debug|x86.ActiveCfg = Debug|Any CPU
		{5A7603F0-4DE4-448F-A7F8-5B345C7FA251}.Debug|x86.Build.0 = Debug|Any CPU
		{5A7603F0-4DE4-448F-A7F8-5B345C7FA251}.Release|Any CPU.ActiveCfg = Release|Any CPU
		{5A7603F0-4DE4-448F-A7F8-5B345C7FA251}.Release|Any CPU.Build.0 = Release|Any CPU
		{5A7603F0-4DE4-448F-A7F8-5B345C7FA251}.Release|x64.ActiveCfg = Release|Any CPU
		{5A7603F0-4DE4-448F-A7F8-5B345C7FA251}.Release|x64.Build.0 = Release|Any CPU
		{5A7603F0-4DE4-448F-A7F8-5B345C7FA251}.Release|x86.ActiveCfg = Release|Any CPU
		{5A7603F0-4DE4-448F-A7F8-5B345C7FA251}.Release|x86.Build.0 = Release|Any CPU
		{730033D5-B58B-42CB-A000-35F03543E569}.Debug|Any CPU.ActiveCfg = Debug|Any CPU
		{730033D5-B58B-42CB-A000-35F03543E569}.Debug|Any CPU.Build.0 = Debug|Any CPU
		{730033D5-B58B-42CB-A000-35F03543E569}.Debug|x64.ActiveCfg = Debug|Any CPU
		{730033D5-B58B-42CB-A000-35F03543E569}.Debug|x64.Build.0 = Debug|Any CPU
		{730033D5-B58B-42CB-A000-35F03543E569}.Debug|x86.ActiveCfg = Debug|Any CPU
		{730033D5-B58B-42CB-A000-35F03543E569}.Debug|x86.Build.0 = Debug|Any CPU
		{730033D5-B58B-42CB-A000-35F03543E569}.Release|Any CPU.ActiveCfg = Release|Any CPU
		{730033D5-B58B-42CB-A000-35F03543E569}.Release|Any CPU.Build.0 = Release|Any CPU
		{730033D5-B58B-42CB-A000-35F03543E569}.Release|x64.ActiveCfg = Release|Any CPU
		{730033D5-B58B-42CB-A000-35F03543E569}.Release|x64.Build.0 = Release|Any CPU
		{730033D5-B58B-42CB-A000-35F03543E569}.Release|x86.ActiveCfg = Release|Any CPU
		{730033D5-B58B-42CB-A000-35F03543E569}.Release|x86.Build.0 = Release|Any CPU
		{F555BFBA-ED99-4153-9FD8-F798C27D5DBB}.Debug|Any CPU.ActiveCfg = Debug|Any CPU
		{F555BFBA-ED99-4153-9FD8-F798C27D5DBB}.Debug|Any CPU.Build.0 = Debug|Any CPU
		{F555BFBA-ED99-4153-9FD8-F798C27D5DBB}.Debug|x64.ActiveCfg = Debug|Any CPU
		{F555BFBA-ED99-4153-9FD8-F798C27D5DBB}.Debug|x64.Build.0 = Debug|Any CPU
		{F555BFBA-ED99-4153-9FD8-F798C27D5DBB}.Debug|x86.ActiveCfg = Debug|Any CPU
		{F555BFBA-ED99-4153-9FD8-F798C27D5DBB}.Debug|x86.Build.0 = Debug|Any CPU
		{F555BFBA-ED99-4153-9FD8-F798C27D5DBB}.Release|Any CPU.ActiveCfg = Release|Any CPU
		{F555BFBA-ED99-4153-9FD8-F798C27D5DBB}.Release|Any CPU.Build.0 = Release|Any CPU
		{F555BFBA-ED99-4153-9FD8-F798C27D5DBB}.Release|x64.ActiveCfg = Release|Any CPU
		{F555BFBA-ED99-4153-9FD8-F798C27D5DBB}.Release|x64.Build.0 = Release|Any CPU
		{F555BFBA-ED99-4153-9FD8-F798C27D5DBB}.Release|x86.ActiveCfg = Release|Any CPU
		{F555BFBA-ED99-4153-9FD8-F798C27D5DBB}.Release|x86.Build.0 = Release|Any CPU
		{2F6E8E45-47E7-4207-9ECC-E1E33132CB45}.Debug|Any CPU.ActiveCfg = Debug|Any CPU
		{2F6E8E45-47E7-4207-9ECC-E1E33132CB45}.Debug|Any CPU.Build.0 = Debug|Any CPU
		{2F6E8E45-47E7-4207-9ECC-E1E33132CB45}.Debug|x64.ActiveCfg = Debug|Any CPU
		{2F6E8E45-47E7-4207-9ECC-E1E33132CB45}.Debug|x64.Build.0 = Debug|Any CPU
		{2F6E8E45-47E7-4207-9ECC-E1E33132CB45}.Debug|x86.ActiveCfg = Debug|Any CPU
		{2F6E8E45-47E7-4207-9ECC-E1E33132CB45}.Debug|x86.Build.0 = Debug|Any CPU
		{2F6E8E45-47E7-4207-9ECC-E1E33132CB45}.Release|Any CPU.ActiveCfg = Release|Any CPU
		{2F6E8E45-47E7-4207-9ECC-E1E33132CB45}.Release|Any CPU.Build.0 = Release|Any CPU
		{2F6E8E45-47E7-4207-9ECC-E1E33132CB45}.Release|x64.ActiveCfg = Release|Any CPU
		{2F6E8E45-47E7-4207-9ECC-E1E33132CB45}.Release|x64.Build.0 = Release|Any CPU
		{2F6E8E45-47E7-4207-9ECC-E1E33132CB45}.Release|x86.ActiveCfg = Release|Any CPU
		{2F6E8E45-47E7-4207-9ECC-E1E33132CB45}.Release|x86.Build.0 = Release|Any CPU
		{8883DFDD-331A-4236-AF76-21F1BD6462CA}.Debug|Any CPU.ActiveCfg = Debug|Any CPU
		{8883DFDD-331A-4236-AF76-21F1BD6462CA}.Debug|Any CPU.Build.0 = Debug|Any CPU
		{8883DFDD-331A-4236-AF76-21F1BD6462CA}.Debug|x64.ActiveCfg = Debug|Any CPU
		{8883DFDD-331A-4236-AF76-21F1BD6462CA}.Debug|x64.Build.0 = Debug|Any CPU
		{8883DFDD-331A-4236-AF76-21F1BD6462CA}.Debug|x86.ActiveCfg = Debug|Any CPU
		{8883DFDD-331A-4236-AF76-21F1BD6462CA}.Debug|x86.Build.0 = Debug|Any CPU
		{8883DFDD-331A-4236-AF76-21F1BD6462CA}.Release|Any CPU.ActiveCfg = Release|Any CPU
		{8883DFDD-331A-4236-AF76-21F1BD6462CA}.Release|Any CPU.Build.0 = Release|Any CPU
		{8883DFDD-331A-4236-AF76-21F1BD6462CA}.Release|x64.ActiveCfg = Release|Any CPU
		{8883DFDD-331A-4236-AF76-21F1BD6462CA}.Release|x64.Build.0 = Release|Any CPU
		{8883DFDD-331A-4236-AF76-21F1BD6462CA}.Release|x86.ActiveCfg = Release|Any CPU
		{8883DFDD-331A-4236-AF76-21F1BD6462CA}.Release|x86.Build.0 = Release|Any CPU
		{9D739160-60A5-41F5-A24D-1613748EC4D3}.Debug|Any CPU.ActiveCfg = Debug|Any CPU
		{9D739160-60A5-41F5-A24D-1613748EC4D3}.Debug|Any CPU.Build.0 = Debug|Any CPU
		{9D739160-60A5-41F5-A24D-1613748EC4D3}.Debug|x64.ActiveCfg = Debug|Any CPU
		{9D739160-60A5-41F5-A24D-1613748EC4D3}.Debug|x64.Build.0 = Debug|Any CPU
		{9D739160-60A5-41F5-A24D-1613748EC4D3}.Debug|x86.ActiveCfg = Debug|Any CPU
		{9D739160-60A5-41F5-A24D-1613748EC4D3}.Debug|x86.Build.0 = Debug|Any CPU
		{9D739160-60A5-41F5-A24D-1613748EC4D3}.Release|Any CPU.ActiveCfg = Release|Any CPU
		{9D739160-60A5-41F5-A24D-1613748EC4D3}.Release|Any CPU.Build.0 = Release|Any CPU
		{9D739160-60A5-41F5-A24D-1613748EC4D3}.Release|x64.ActiveCfg = Release|Any CPU
		{9D739160-60A5-41F5-A24D-1613748EC4D3}.Release|x64.Build.0 = Release|Any CPU
		{9D739160-60A5-41F5-A24D-1613748EC4D3}.Release|x86.ActiveCfg = Release|Any CPU
		{9D739160-60A5-41F5-A24D-1613748EC4D3}.Release|x86.Build.0 = Release|Any CPU
		{74931933-5AB3-42EF-A339-2957C5B9D696}.Debug|Any CPU.ActiveCfg = Debug|Any CPU
		{74931933-5AB3-42EF-A339-2957C5B9D696}.Debug|Any CPU.Build.0 = Debug|Any CPU
		{74931933-5AB3-42EF-A339-2957C5B9D696}.Debug|x64.ActiveCfg = Debug|Any CPU
		{74931933-5AB3-42EF-A339-2957C5B9D696}.Debug|x64.Build.0 = Debug|Any CPU
		{74931933-5AB3-42EF-A339-2957C5B9D696}.Debug|x86.ActiveCfg = Debug|Any CPU
		{74931933-5AB3-42EF-A339-2957C5B9D696}.Debug|x86.Build.0 = Debug|Any CPU
		{74931933-5AB3-42EF-A339-2957C5B9D696}.Release|Any CPU.ActiveCfg = Release|Any CPU
		{74931933-5AB3-42EF-A339-2957C5B9D696}.Release|Any CPU.Build.0 = Release|Any CPU
		{74931933-5AB3-42EF-A339-2957C5B9D696}.Release|x64.ActiveCfg = Release|Any CPU
		{74931933-5AB3-42EF-A339-2957C5B9D696}.Release|x64.Build.0 = Release|Any CPU
		{74931933-5AB3-42EF-A339-2957C5B9D696}.Release|x86.ActiveCfg = Release|Any CPU
		{74931933-5AB3-42EF-A339-2957C5B9D696}.Release|x86.Build.0 = Release|Any CPU
		{342A6DE9-7F8B-465E-9EE1-9043E7CBFA43}.Debug|Any CPU.ActiveCfg = Debug|Any CPU
		{342A6DE9-7F8B-465E-9EE1-9043E7CBFA43}.Debug|Any CPU.Build.0 = Debug|Any CPU
		{342A6DE9-7F8B-465E-9EE1-9043E7CBFA43}.Debug|x64.ActiveCfg = Debug|Any CPU
		{342A6DE9-7F8B-465E-9EE1-9043E7CBFA43}.Debug|x64.Build.0 = Debug|Any CPU
		{342A6DE9-7F8B-465E-9EE1-9043E7CBFA43}.Debug|x86.ActiveCfg = Debug|Any CPU
		{342A6DE9-7F8B-465E-9EE1-9043E7CBFA43}.Debug|x86.Build.0 = Debug|Any CPU
		{342A6DE9-7F8B-465E-9EE1-9043E7CBFA43}.Release|Any CPU.ActiveCfg = Release|Any CPU
		{342A6DE9-7F8B-465E-9EE1-9043E7CBFA43}.Release|Any CPU.Build.0 = Release|Any CPU
		{342A6DE9-7F8B-465E-9EE1-9043E7CBFA43}.Release|x64.ActiveCfg = Release|Any CPU
		{342A6DE9-7F8B-465E-9EE1-9043E7CBFA43}.Release|x64.Build.0 = Release|Any CPU
		{342A6DE9-7F8B-465E-9EE1-9043E7CBFA43}.Release|x86.ActiveCfg = Release|Any CPU
		{342A6DE9-7F8B-465E-9EE1-9043E7CBFA43}.Release|x86.Build.0 = Release|Any CPU
		{6F95B51B-5FF3-4F68-90B6-1BDB55D2559E}.Debug|Any CPU.ActiveCfg = Debug|Any CPU
		{6F95B51B-5FF3-4F68-90B6-1BDB55D2559E}.Debug|Any CPU.Build.0 = Debug|Any CPU
		{6F95B51B-5FF3-4F68-90B6-1BDB55D2559E}.Debug|x64.ActiveCfg = Debug|Any CPU
		{6F95B51B-5FF3-4F68-90B6-1BDB55D2559E}.Debug|x64.Build.0 = Debug|Any CPU
		{6F95B51B-5FF3-4F68-90B6-1BDB55D2559E}.Debug|x86.ActiveCfg = Debug|Any CPU
		{6F95B51B-5FF3-4F68-90B6-1BDB55D2559E}.Debug|x86.Build.0 = Debug|Any CPU
		{6F95B51B-5FF3-4F68-90B6-1BDB55D2559E}.Release|Any CPU.ActiveCfg = Release|Any CPU
		{6F95B51B-5FF3-4F68-90B6-1BDB55D2559E}.Release|Any CPU.Build.0 = Release|Any CPU
		{6F95B51B-5FF3-4F68-90B6-1BDB55D2559E}.Release|x64.ActiveCfg = Release|Any CPU
		{6F95B51B-5FF3-4F68-90B6-1BDB55D2559E}.Release|x64.Build.0 = Release|Any CPU
		{6F95B51B-5FF3-4F68-90B6-1BDB55D2559E}.Release|x86.ActiveCfg = Release|Any CPU
		{6F95B51B-5FF3-4F68-90B6-1BDB55D2559E}.Release|x86.Build.0 = Release|Any CPU
	EndGlobalSection
	GlobalSection(SolutionProperties) = preSolution
		HideSolutionNode = FALSE
	EndGlobalSection
	GlobalSection(NestedProjects) = preSolution
		{5A7603F0-4DE4-448F-A7F8-5B345C7FA251} = {827E0CD3-B72D-47B6-A68D-7590B98EB39B}
		{730033D5-B58B-42CB-A000-35F03543E569} = {0AB3BF05-4346-4AA6-1389-037BE0695223}
		{F555BFBA-ED99-4153-9FD8-F798C27D5DBB} = {827E0CD3-B72D-47B6-A68D-7590B98EB39B}
		{2F6E8E45-47E7-4207-9ECC-E1E33132CB45} = {0AB3BF05-4346-4AA6-1389-037BE0695223}
		{8883DFDD-331A-4236-AF76-21F1BD6462CA} = {827E0CD3-B72D-47B6-A68D-7590B98EB39B}
		{9D739160-60A5-41F5-A24D-1613748EC4D3} = {5D20AA90-6969-D8BD-9DCD-8634F4692FDA}
		{74931933-5AB3-42EF-A339-2957C5B9D696} = {827E0CD3-B72D-47B6-A68D-7590B98EB39B}
		{342A6DE9-7F8B-465E-9EE1-9043E7CBFA43} = {0AB3BF05-4346-4AA6-1389-037BE0695223}
		{6F95B51B-5FF3-4F68-90B6-1BDB55D2559E} = {827E0CD3-B72D-47B6-A68D-7590B98EB39B}
	EndGlobalSection
EndGlobal
